{
  "version": "4",
  "specifiers": {
    "jsr:@std/assert@1": "1.0.13",
    "jsr:@std/internal@^1.0.6": "1.0.8",
    "npm:@biomejs/biome@2": "2.0.0"
  },
  "jsr": {
    "@std/assert@1.0.13": {
      "integrity": "ae0d31e41919b12c656c742b22522c32fb26ed0cba32975cb0de2a273cb68b29",
      "dependencies": [
        "jsr:@std/internal"
      ]
    },
    "@std/internal@1.0.8": {
      "integrity": "fc66e846d8d38a47cffd274d80d2ca3f0de71040f855783724bb6b87f60891f5"
    }
  },
  "npm": {
    "@biomejs/biome@2.0.0": {
      "integrity": "sha512-BlUoXEOI/UQTDEj/pVfnkMo8SrZw3oOWBDrXYFT43V7HTkIUDkBRY53IC5Jx1QkZbaB+0ai1wJIfYwp9+qaJTQ==",
      "dependencies": [
        "@biomejs/cli-darwin-arm64",
        "@biomejs/cli-darwin-x64",
        "@biomejs/cli-linux-arm64",
        "@biomejs/cli-linux-arm64-musl",
        "@biomejs/cli-linux-x64",
        "@biomejs/cli-linux-x64-musl",
        "@biomejs/cli-win32-arm64",
        "@biomejs/cli-win32-x64"
      ]
    },
    "@biomejs/cli-darwin-arm64@2.0.0": {
      "integrity": "sha512-QvqWYtFFhhxdf8jMAdJzXW+Frc7X8XsnHQLY+TBM1fnT1TfeV/v9vsFI5L2J7GH6qN1+QEEJ19jHibCY2Ypplw=="
    },
    "@biomejs/cli-darwin-x64@2.0.0": {
      "integrity": "sha512-5JFhls1EfmuIH4QGFPlNpxJQFC6ic3X1ltcoLN+eSRRIPr6H/lUS1ttuD0Fj7rPgPhZqopK/jfH8UVj/1hIsQw=="
    },
    "@biomejs/cli-linux-arm64-musl@2.0.0": {
      "integrity": "sha512-Bxsz8ki8+b3PytMnS5SgrGV+mbAWwIxI3ydChb/d1rURlJTMdxTTq5LTebUnlsUWAX6OvJuFeiVq9Gjn1YbCyA=="
    },
    "@biomejs/cli-linux-arm64@2.0.0": {
      "integrity": "sha512-BAH4QVi06TzAbVchXdJPsL0Z/P87jOfes15rI+p3EX9/EGTfIjaQ9lBVlHunxcmoptaA5y1Hdb9UYojIhmnjIw=="
    },
    "@biomejs/cli-linux-x64-musl@2.0.0": {
      "integrity": "sha512-tiQ0ABxMJb9I6GlfNp0ulrTiQSFacJRJO8245FFwE3ty3bfsfxlU/miblzDIi+qNrgGsLq5wIZcVYGp4c+HXZA=="
    },
    "@biomejs/cli-linux-x64@2.0.0": {
      "integrity": "sha512-09PcOGYTtkopWRm6mZ/B6Mr6UHdkniUgIG/jLBv+2J8Z61ezRE+xQmpi3yNgUrFIAU4lPA9atg7mhvE/5Bo7Wg=="
    },
    "@biomejs/cli-win32-arm64@2.0.0": {
      "integrity": "sha512-vrTtuGu91xNTEQ5ZcMJBZuDlqr32DWU1r14UfePIGndF//s2WUAmer4FmgoPgruo76rprk37e8S2A2c0psXdxw=="
    },
    "@biomejs/cli-win32-x64@2.0.0": {
      "integrity": "sha512-2USVQ0hklNsph/KIR72ZdeptyXNnQ3JdzPn3NbjI4Sna34CnxeiYAaZcZzXPDl5PYNFBivV4xmvT3Z3rTmyDBg=="
    }
  },
  "workspace": {
    "dependencies": [
      "jsr:@std/assert@1",
      "npm:@biomejs/biome@2"
    ],
    "packageJson": {
      "dependencies": [
        "npm:@biomejs/biome@2"
      ]
    }
  }
}
